
Microsoft Visual Studio Solution File, Format Version 12.00
# Visual Studio Version 17
VisualStudioVersion = 17.4.33122.133
MinimumVisualStudioVersion = 10.0.40219.1
Project("{FAE04EC0-301F-11D3-BF4B-00C04F79EFBC}") = "RoutingExample", "RoutingExample\RoutingExample.csproj", "{A547BF71-CC02-4D0D-8CD1-78DFE979AC46}"
EndProject
Global
	GlobalSection(SolutionConfigurationPlatforms) = preSolution
		Debug|Any CPU = Debug|Any CPU
		Release|Any CPU = Release|Any CPU
	EndGlobalSection
	GlobalSection(ProjectConfigurationPlatforms) = postSolution
		{A547BF71-CC02-4D0D-8CD1-78DFE979AC46}.Debug|Any CPU.ActiveCfg = Debug|Any CPU
		{A547BF71-CC02-4D0D-8CD1-78DFE979AC46}.Debug|Any CPU.Build.0 = Debug|Any CPU
		{A547BF71-CC02-4D0D-8CD1-78DFE979AC46}.Release|Any CPU.ActiveCfg = Release|Any CPU
		{A547BF71-CC02-4D0D-8CD1-78DFE979AC46}.Release|Any CPU.Build.0 = Release|Any CPU
	EndGlobalSection
	GlobalSection(SolutionProperties) = preSolution
		HideSolutionNode = FALSE
	EndGlobalSection
	GlobalSection(ExtensibilityGlobals) = postSolution
		SolutionGuid = {B1EE64E4-537F-4546-BC47-CB79A1D17714}
	EndGlobalSection
EndGlobal
