
Microsoft Visual Studio Solution File, Format Version 12.00
# Visual Studio Version 17
VisualStudioVersion = 17.4.33110.190
MinimumVisualStudioVersion = 10.0.40219.1
Project("{FAE04EC0-301F-11D3-BF4B-00C04F79EFBC}") = "WebApplication1", "WebApplication1\WebApplication1.csproj", "{802C11B9-DE1E-45F4-B6B4-7A0DE0CBAEDD}"
EndProject
Global
	GlobalSection(SolutionConfigurationPlatforms) = preSolution
		Debug|Any CPU = Debug|Any CPU
		Release|Any CPU = Release|Any CPU
	EndGlobalSection
	GlobalSection(ProjectConfigurationPlatforms) = postSolution
		{802C11B9-DE1E-45F4-B6B4-7A0DE0CBAEDD}.Debug|Any CPU.ActiveCfg = Debug|Any CPU
		{802C11B9-DE1E-45F4-B6B4-7A0DE0CBAEDD}.Debug|Any CPU.Build.0 = Debug|Any CPU
		{802C11B9-DE1E-45F4-B6B4-7A0DE0CBAEDD}.Release|Any CPU.ActiveCfg = Release|Any CPU
		{802C11B9-DE1E-45F4-B6B4-7A0DE0CBAEDD}.Release|Any CPU.Build.0 = Release|Any CPU
	EndGlobalSection
	GlobalSection(SolutionProperties) = preSolution
		HideSolutionNode = FALSE
	EndGlobalSection
	GlobalSection(ExtensibilityGlobals) = postSolution
		SolutionGuid = {D20D05AC-67FD-4758-8338-C3BB8FBD3329}
	EndGlobalSection
EndGlobal
