
Microsoft Visual Studio Solution File, Format Version 12.00
# Visual Studio Version 17
VisualStudioVersion = 17.4.33122.133
MinimumVisualStudioVersion = 10.0.40219.1
Project("{FAE04EC0-301F-11D3-BF4B-00C04F79EFBC}") = "ConvertingToMVC", "ConvertingToMVC\ConvertingToMVC.csproj", "{501D597D-C655-4F28-9B4E-B6E954204B08}"
EndProject
Global
	GlobalSection(SolutionConfigurationPlatforms) = preSolution
		Debug|Any CPU = Debug|Any CPU
		Release|Any CPU = Release|Any CPU
	EndGlobalSection
	GlobalSection(ProjectConfigurationPlatforms) = postSolution
		{501D597D-C655-4F28-9B4E-B6E954204B08}.Debug|Any CPU.ActiveCfg = Debug|Any CPU
		{501D597D-C655-4F28-9B4E-B6E954204B08}.Debug|Any CPU.Build.0 = Debug|Any CPU
		{501D597D-C655-4F28-9B4E-B6E954204B08}.Release|Any CPU.ActiveCfg = Release|Any CPU
		{501D597D-C655-4F28-9B4E-B6E954204B08}.Release|Any CPU.Build.0 = Release|Any CPU
	EndGlobalSection
	GlobalSection(SolutionProperties) = preSolution
		HideSolutionNode = FALSE
	EndGlobalSection
	GlobalSection(ExtensibilityGlobals) = postSolution
		SolutionGuid = {86F56528-F2B3-4E4A-A0AA-B31333A0F548}
	EndGlobalSection
EndGlobal
